
Microsoft Visual Studio Solution File, Format Version 12.00
# Visual Studio Version 16
VisualStudioVersion = 16.0.36128.20
MinimumVisualStudioVersion = 10.0.40219.1
Project("{FAE04EC0-301F-11D3-BF4B-00C04F79EFBC}") = "Webedmx", "Webedmx\Webedmx.csproj", "{B8FEFA6F-4786-4E80-A604-F6E143052059}"
EndProject
Global
	GlobalSection(SolutionConfigurationPlatforms) = preSolution
		Debug|Any CPU = Debug|Any CPU
		Release|Any CPU = Release|Any CPU
	EndGlobalSection
	GlobalSection(ProjectConfigurationPlatforms) = postSolution
		{B8FEFA6F-4786-4E80-A604-F6E143052059}.Debug|Any CPU.ActiveCfg = Debug|Any CPU
		{B8FEFA6F-4786-4E80-A604-F6E143052059}.Debug|Any CPU.Build.0 = Debug|Any CPU
		{B8FEFA6F-4786-4E80-A604-F6E143052059}.Release|Any CPU.ActiveCfg = Release|Any CPU
		{B8FEFA6F-4786-4E80-A604-F6E143052059}.Release|Any CPU.Build.0 = Release|Any CPU
	EndGlobalSection
	GlobalSection(SolutionProperties) = preSolution
		HideSolutionNode = FALSE
	EndGlobalSection
	GlobalSection(ExtensibilityGlobals) = postSolution
		SolutionGuid = {AD813CD5-B02B-4077-A6CB-2276614B1071}
	EndGlobalSection
EndGlobal
